
Microsoft Visual Studio Solution File, Format Version 12.00
# Visual Studio Version 17
VisualStudioVersion = 17.8.34309.116
MinimumVisualStudioVersion = 10.0.40219.1
Project("{2150E333-8FDC-42A3-9474-1A3956D46DE8}") = "MicroServices", "MicroServices", "{E9A2382F-CB9E-44D1-9343-1F4A37236C7A}"
EndProject
Project("{2150E333-8FDC-42A3-9474-1A3956D46DE8}") = "WebApp", "WebApp", "{14D7447A-48BB-4710-B37D-7DD159CF7436}"
EndProject
Project("{9A19103F-16F7-4668-BE54-9A1E7A4F7556}") = "WebShopMVC", "WebApp\WebShopMVC\WebShopMVC.csproj", "{09DD21B2-36E7-4DA4-86F8-125D77DDB11A}"
EndProject
Project("{9A19103F-16F7-4668-BE54-9A1E7A4F7556}") = "IdentityAPI", "MicroServices\Identity\IdentityAPI\IdentityAPI.csproj", "{67FBC496-4B63-4915-9C85-C088A1C5F6E7}"
EndProject
Project("{9A19103F-16F7-4668-BE54-9A1E7A4F7556}") = "OrderAPI", "MicroServices\Order\OrderAPI\OrderAPI.csproj", "{5F0F8BD7-84D9-46EB-89D5-35E8A67387E2}"
EndProject
Project("{9A19103F-16F7-4668-BE54-9A1E7A4F7556}") = "CatalogAPI", "MicroServices\Catalog\CatalogAPI\CatalogAPI.csproj", "{1966F2E7-1360-4B28-B089-1094BC0BF3A7}"
EndProject
Project("{9A19103F-16F7-4668-BE54-9A1E7A4F7556}") = "BasketAPI", "MicroServices\Basket\BasketAPI\BasketAPI.csproj", "{CE748A39-567E-4B5B-8731-4BB4BBDE4A84}"
EndProject
Project("{2150E333-8FDC-42A3-9474-1A3956D46DE8}") = "GatewayAPI", "GatewayAPI", "{C334BDCE-0A97-4DB2-8AFA-1A092DB59C67}"
EndProject
Project("{9A19103F-16F7-4668-BE54-9A1E7A4F7556}") = "Web.GatewayAPI", "GatewayAPI\Web.GatewayAPI\Web.GatewayAPI.csproj", "{FEEB1CD3-F895-428D-A2F6-0B5131D7B5A0}"
EndProject
Project("{9A19103F-16F7-4668-BE54-9A1E7A4F7556}") = "ProductCatalogService", "ProductCatalogService\ProductCatalogService.csproj", "{F2624E1E-8547-42F0-BA12-F7F775B353CF}"
EndProject
Project("{2150E333-8FDC-42A3-9474-1A3956D46DE8}") = "Telegram", "Telegram", "{779F91A5-4776-4578-ABDE-5F5BB39F5B37}"
EndProject
Project("{9A19103F-16F7-4668-BE54-9A1E7A4F7556}") = "TelegramBotProject", "TelegramBotProject\TelegramBotProject.csproj", "{3A730BF7-5127-44FF-8307-E0DD7D78B9F9}"
EndProject
Project("{9A19103F-16F7-4668-BE54-9A1E7A4F7556}") = "NotificationServiceAPI", "NotificationServiceAPI\NotificationServiceAPI.csproj", "{9E1E9130-B6B5-4A70-B5B0-827C42679625}"
EndProject
Project("{2150E333-8FDC-42A3-9474-1A3956D46DE8}") = "Libs", "Libs", "{B8CAA584-EA2E-4A02-AE9E-B456E03EADD7}"
EndProject
Project("{FAE04EC0-301F-11D3-BF4B-00C04F79EFBC}") = "SharedDomainModels", "SharedDomainModels\SharedDomainModels.csproj", "{EF26DFC8-132D-41ED-8F51-C8F0A9E39BDA}"
EndProject
Project("{FAE04EC0-301F-11D3-BF4B-00C04F79EFBC}") = "SharedInterfaces", "SharedInterfaces\SharedInterfaces.csproj", "{ED91F1CC-A739-4823-AA51-FB9BEFE25276}"
EndProject
Global
	GlobalSection(SolutionConfigurationPlatforms) = preSolution
		Debug|Any CPU = Debug|Any CPU
		Release|Any CPU = Release|Any CPU
	EndGlobalSection
	GlobalSection(ProjectConfigurationPlatforms) = postSolution
		{09DD21B2-36E7-4DA4-86F8-125D77DDB11A}.Debug|Any CPU.ActiveCfg = Debug|Any CPU
		{09DD21B2-36E7-4DA4-86F8-125D77DDB11A}.Debug|Any CPU.Build.0 = Debug|Any CPU
		{09DD21B2-36E7-4DA4-86F8-125D77DDB11A}.Release|Any CPU.ActiveCfg = Release|Any CPU
		{09DD21B2-36E7-4DA4-86F8-125D77DDB11A}.Release|Any CPU.Build.0 = Release|Any CPU
		{67FBC496-4B63-4915-9C85-C088A1C5F6E7}.Debug|Any CPU.ActiveCfg = Debug|Any CPU
		{67FBC496-4B63-4915-9C85-C088A1C5F6E7}.Debug|Any CPU.Build.0 = Debug|Any CPU
		{67FBC496-4B63-4915-9C85-C088A1C5F6E7}.Release|Any CPU.ActiveCfg = Release|Any CPU
		{67FBC496-4B63-4915-9C85-C088A1C5F6E7}.Release|Any CPU.Build.0 = Release|Any CPU
		{5F0F8BD7-84D9-46EB-89D5-35E8A67387E2}.Debug|Any CPU.ActiveCfg = Debug|Any CPU
		{5F0F8BD7-84D9-46EB-89D5-35E8A67387E2}.Debug|Any CPU.Build.0 = Debug|Any CPU
		{5F0F8BD7-84D9-46EB-89D5-35E8A67387E2}.Release|Any CPU.ActiveCfg = Release|Any CPU
		{5F0F8BD7-84D9-46EB-89D5-35E8A67387E2}.Release|Any CPU.Build.0 = Release|Any CPU
		{1966F2E7-1360-4B28-B089-1094BC0BF3A7}.Debug|Any CPU.ActiveCfg = Debug|Any CPU
		{1966F2E7-1360-4B28-B089-1094BC0BF3A7}.Debug|Any CPU.Build.0 = Debug|Any CPU
		{1966F2E7-1360-4B28-B089-1094BC0BF3A7}.Release|Any CPU.ActiveCfg = Release|Any CPU
		{1966F2E7-1360-4B28-B089-1094BC0BF3A7}.Release|Any CPU.Build.0 = Release|Any CPU
		{CE748A39-567E-4B5B-8731-4BB4BBDE4A84}.Debug|Any CPU.ActiveCfg = Debug|Any CPU
		{CE748A39-567E-4B5B-8731-4BB4BBDE4A84}.Debug|Any CPU.Build.0 = Debug|Any CPU
		{CE748A39-567E-4B5B-8731-4BB4BBDE4A84}.Release|Any CPU.ActiveCfg = Release|Any CPU
		{CE748A39-567E-4B5B-8731-4BB4BBDE4A84}.Release|Any CPU.Build.0 = Release|Any CPU
		{FEEB1CD3-F895-428D-A2F6-0B5131D7B5A0}.Debug|Any CPU.ActiveCfg = Debug|Any CPU
		{FEEB1CD3-F895-428D-A2F6-0B5131D7B5A0}.Debug|Any CPU.Build.0 = Debug|Any CPU
		{FEEB1CD3-F895-428D-A2F6-0B5131D7B5A0}.Release|Any CPU.ActiveCfg = Release|Any CPU
		{FEEB1CD3-F895-428D-A2F6-0B5131D7B5A0}.Release|Any CPU.Build.0 = Release|Any CPU
		{F2624E1E-8547-42F0-BA12-F7F775B353CF}.Debug|Any CPU.ActiveCfg = Debug|Any CPU
		{F2624E1E-8547-42F0-BA12-F7F775B353CF}.Debug|Any CPU.Build.0 = Debug|Any CPU
		{F2624E1E-8547-42F0-BA12-F7F775B353CF}.Release|Any CPU.ActiveCfg = Release|Any CPU
		{F2624E1E-8547-42F0-BA12-F7F775B353CF}.Release|Any CPU.Build.0 = Release|Any CPU
		{3A730BF7-5127-44FF-8307-E0DD7D78B9F9}.Debug|Any CPU.ActiveCfg = Debug|Any CPU
		{3A730BF7-5127-44FF-8307-E0DD7D78B9F9}.Debug|Any CPU.Build.0 = Debug|Any CPU
		{3A730BF7-5127-44FF-8307-E0DD7D78B9F9}.Release|Any CPU.ActiveCfg = Release|Any CPU
		{3A730BF7-5127-44FF-8307-E0DD7D78B9F9}.Release|Any CPU.Build.0 = Release|Any CPU
		{9E1E9130-B6B5-4A70-B5B0-827C42679625}.Debug|Any CPU.ActiveCfg = Debug|Any CPU
		{9E1E9130-B6B5-4A70-B5B0-827C42679625}.Debug|Any CPU.Build.0 = Debug|Any CPU
		{9E1E9130-B6B5-4A70-B5B0-827C42679625}.Release|Any CPU.ActiveCfg = Release|Any CPU
		{9E1E9130-B6B5-4A70-B5B0-827C42679625}.Release|Any CPU.Build.0 = Release|Any CPU
		{EF26DFC8-132D-41ED-8F51-C8F0A9E39BDA}.Debug|Any CPU.ActiveCfg = Debug|Any CPU
		{EF26DFC8-132D-41ED-8F51-C8F0A9E39BDA}.Debug|Any CPU.Build.0 = Debug|Any CPU
		{EF26DFC8-132D-41ED-8F51-C8F0A9E39BDA}.Release|Any CPU.ActiveCfg = Release|Any CPU
		{EF26DFC8-132D-41ED-8F51-C8F0A9E39BDA}.Release|Any CPU.Build.0 = Release|Any CPU
		{ED91F1CC-A739-4823-AA51-FB9BEFE25276}.Debug|Any CPU.ActiveCfg = Debug|Any CPU
		{ED91F1CC-A739-4823-AA51-FB9BEFE25276}.Debug|Any CPU.Build.0 = Debug|Any CPU
		{ED91F1CC-A739-4823-AA51-FB9BEFE25276}.Release|Any CPU.ActiveCfg = Release|Any CPU
		{ED91F1CC-A739-4823-AA51-FB9BEFE25276}.Release|Any CPU.Build.0 = Release|Any CPU
	EndGlobalSection
	GlobalSection(SolutionProperties) = preSolution
		HideSolutionNode = FALSE
	EndGlobalSection
	GlobalSection(NestedProjects) = preSolution
		{09DD21B2-36E7-4DA4-86F8-125D77DDB11A} = {14D7447A-48BB-4710-B37D-7DD159CF7436}
		{67FBC496-4B63-4915-9C85-C088A1C5F6E7} = {E9A2382F-CB9E-44D1-9343-1F4A37236C7A}
		{5F0F8BD7-84D9-46EB-89D5-35E8A67387E2} = {E9A2382F-CB9E-44D1-9343-1F4A37236C7A}
		{1966F2E7-1360-4B28-B089-1094BC0BF3A7} = {E9A2382F-CB9E-44D1-9343-1F4A37236C7A}
		{CE748A39-567E-4B5B-8731-4BB4BBDE4A84} = {E9A2382F-CB9E-44D1-9343-1F4A37236C7A}
		{FEEB1CD3-F895-428D-A2F6-0B5131D7B5A0} = {C334BDCE-0A97-4DB2-8AFA-1A092DB59C67}
		{F2624E1E-8547-42F0-BA12-F7F775B353CF} = {E9A2382F-CB9E-44D1-9343-1F4A37236C7A}
		{3A730BF7-5127-44FF-8307-E0DD7D78B9F9} = {779F91A5-4776-4578-ABDE-5F5BB39F5B37}
		{9E1E9130-B6B5-4A70-B5B0-827C42679625} = {E9A2382F-CB9E-44D1-9343-1F4A37236C7A}
		{EF26DFC8-132D-41ED-8F51-C8F0A9E39BDA} = {B8CAA584-EA2E-4A02-AE9E-B456E03EADD7}
		{ED91F1CC-A739-4823-AA51-FB9BEFE25276} = {B8CAA584-EA2E-4A02-AE9E-B456E03EADD7}
	EndGlobalSection
	GlobalSection(ExtensibilityGlobals) = postSolution
		SolutionGuid = {33345D89-1D7A-4C72-A89E-85BD9BDC80BD}
	EndGlobalSection
EndGlobal
